PODS:
  - Alamofire (4.3.0)
  - AlamofireImage (3.2.0):
    - Alamofire (~> 4.1)
  - PagingMenuController (2.2.0)

DEPENDENCIES:
  - Alamofire (~> 4.3)
  - AlamofireImage (~> 3.1)
  - PagingMenuController

SPEC CHECKSUMS:
  Alamofire: 856a113053a7bc9cbe5d6367a555d773fc5cfef7
  AlamofireImage: 157ed682cc81d3b9db4fb90c1f12180ac552d93b
  PagingMenuController: 6176618987bb170096664f2da097313e45ed9c31

PODFILE CHECKSUM: 809b08adb8441b0837c28eb4567a286e710c4065

COCOAPODS: 1.2.0
